PODS:
  - Alamofire (5.0.2)
  - MBProgressHUD (1.2.0)
  - Realm (4.3.2):
    - Realm/Headers (= 4.3.2)
  - Realm/Headers (4.3.2)
  - RealmSwift (4.3.2):
    - Realm (= 4.3.2)

DEPENDENCIES:
  - Alamofire (~> 5.0)
  - MBProgressHUD (~> 1.2.0)
  - RealmSwift

SPEC REPOS:
  trunk:
    - Alamofire
    - MBProgressHUD
    - Realm
    - RealmSwift

SPEC CHECKSUMS:
  Alamofire: 3ba7a4db18b4f62c4a1c0e1cb39d7f3d52e10ada
  MBProgressHUD: 3ee5efcc380f6a79a7cc9b363dd669c5e1ae7406
  Realm: 5e92902e2875dff4bb0fd02f67bb737c3d5db2bc
  RealmSwift: 9a360fc7bae04fc2e308a34fbd899d5faa2d6b22

PODFILE CHECKSUM: 533760279d19e76037bb47f3dbd8a6ebf694bbbb

COCOAPODS: 1.8.4
